{
  "pins" : [
    {
      "identity" : "swift-compute-runtime",
      "kind" : "remoteSourceControl",
      "location" : "https://github.com/AndrewBarba/swift-compute-runtime",
      "state" : {
        "branch" : "main",
        "revision" : "c857bf198a20ed71980849c953867bb09fab5e9c"
      }
    }
  ],
  "version" : 2
}
