{
  "pins" : [
    {
      "identity" : "swift-compute-runtime",
      "kind" : "remoteSourceControl",
      "location" : "https://github.com/AndrewBarba/swift-compute-runtime",
      "state" : {
        "branch" : "main",
        "revision" : "4733e9aafa806c541be9ec52fdc352b352de03b6"
      }
    }
  ],
  "version" : 2
}
