{
  "pins" : [
    {
      "identity" : "swift-compute-runtime",
      "kind" : "remoteSourceControl",
      "location" : "https://github.com/AndrewBarba/swift-compute-runtime",
      "state" : {
        "branch" : "main",
        "revision" : "783c4ee2aa6d0e3c40cfab3ada63be2b39ca43d4"
      }
    }
  ],
  "version" : 2
}
